// !$*UTF8*$!
{
	archiveVersion = 1;
	classes = {
	};
	objectVersion = 50;
	objects = {

/* Begin PBXBuildFile section */
		5634E45A243C0CC2007E4CD8 /* AppDelegate.swift in Sources */ = {isa = PBXBuildFile; fileRef = 5634E459243C0CC2007E4CD8 /* AppDelegate.swift */; };
		5634E45C243C0CC2007E4CD8 /* SceneDelegate.swift in Sources */ = {isa = PBXBuildFile; fileRef = 5634E45B243C0CC2007E4CD8 /* SceneDelegate.swift */; };
		5634E45E243C0CC2007E4CD8 /* ViewController.swift in Sources */ = {isa = PBXBuildFile; fileRef = 5634E45D243C0CC2007E4CD8 /* ViewController.swift */; };
		5634E461243C0CC2007E4CD8 /* Main.storyboard in Resources */ = {isa = PBXBuildFile; fileRef = 5634E45F243C0CC2007E4CD8 /* Main.storyboard */; };
		5634E463243C0CC4007E4CD8 /* Assets.xcassets in Resources */ = {isa = PBXBuildFile; fileRef = 5634E462243C0CC4007E4CD8 /* Assets.xcassets */; };
		5634E466243C0CC4007E4CD8 /* LaunchScreen.storyboard in Resources */ = {isa = PBXBuildFile; fileRef = 5634E464243C0CC4007E4CD8 /* LaunchScreen.storyboard */; };
		5634E471243C0CC4007E4CD8 /* Swift_SignInWithAppleIdTests.swift in Sources */ = {isa = PBXBuildFile; fileRef = 5634E470243C0CC4007E4CD8 /* Swift_SignInWithAppleIdTests.swift */; };
		5634E47C243C0CC4007E4CD8 /* Swift_SignInWithAppleIdUITests.swift in Sources */ = {isa = PBXBuildFile; fileRef = 5634E47B243C0CC4007E4CD8 /* Swift_SignInWithAppleIdUITests.swift */; };
/* End PBXBuildFile section */

/* Begin PBXContainerItemProxy section */
		5634E46D243C0CC4007E4CD8 /* PBXContainerItemProxy */ = {
			isa = PBXContainerItemProxy;
			containerPortal = 5634E44E243C0CC2007E4CD8 /* Project object */;
			proxyType = 1;
			remoteGlobalIDString = 5634E455243C0CC2007E4CD8;
			remoteInfo = Swift_SignInWithAppleId;
		};
		5634E478243C0CC4007E4CD8 /* PBXContainerItemProxy */ = {
			isa = PBXContainerItemProxy;
			containerPortal = 5634E44E243C0CC2007E4CD8 /* Project object */;
			proxyType = 1;
			remoteGlobalIDString = 5634E455243C0CC2007E4CD8;
			remoteInfo = Swift_SignInWithAppleId;
		};
/* End PBXContainerItemProxy section */

/* Begin PBXFileReference section */
		5634E456243C0CC2007E4CD8 /* Swift_SignInWithAppleId.app */ = {isa = PBXFileReference; explicitFileType = wrapper.application; includeInIndex = 0; path = Swift_SignInWithAppleId.app; sourceTree = BUILT_PRODUCTS_DIR; };
		5634E459243C0CC2007E4CD8 /* AppDelegate.swift */ = {isa = PBXFileReference; lastKnownFileType = sourcecode.swift; path = AppDelegate.swift; sourceTree = "<group>"; };
		5634E45B243C0CC2007E4CD8 /* SceneDelegate.swift */ = {isa = PBXFileReference; lastKnownFileType = sourcecode.swift; path = SceneDelegate.swift; sourceTree = "<group>"; };
		5634E45D243C0CC2007E4CD8 /* ViewController.swift */ = {isa = PBXFileReference; lastKnownFileType = sourcecode.swift; path = ViewController.swift; sourceTree = "<group>"; };
		5634E460243C0CC2007E4CD8 /* Base */ = {isa = PBXFileReference; lastKnownFileType = file.storyboard; name = Base; path = Base.lproj/Main.storyboard; sourceTree = "<group>"; };
		5634E462243C0CC4007E4CD8 /* Assets.xcassets */ = {isa = PBXFileReference; lastKnownFileType = folder.assetcatalog; path = Assets.xcassets; sourceTree = "<group>"; };
		5634E465243C0CC4007E4CD8 /* Base */ = {isa = PBXFileReference; lastKnownFileType = file.storyboard; name = Base; path = Base.lproj/LaunchScreen.storyboard; sourceTree = "<group>"; };
		5634E467243C0CC4007E4CD8 /* Info.plist */ = {isa = PBXFileReference; lastKnownFileType = text.plist.xml; path = Info.plist; sourceTree = "<group>"; };
		5634E46C243C0CC4007E4CD8 /* Swift_SignInWithAppleIdTests.xctest */ = {isa = PBXFileReference; explicitFileType = wrapper.cfbundle; includeInIndex = 0; path = Swift_SignInWithAppleIdTests.xctest; sourceTree = BUILT_PRODUCTS_DIR; };
		5634E470243C0CC4007E4CD8 /* Swift_SignInWithAppleIdTests.swift */ = {isa = PBXFileReference; lastKnownFileType = sourcecode.swift; path = Swift_SignInWithAppleIdTests.swift; sourceTree = "<group>"; };
		5634E472243C0CC4007E4CD8 /* Info.plist */ = {isa = PBXFileReference; lastKnownFileType = text.plist.xml; path = Info.plist; sourceTree = "<group>"; };
		5634E477243C0CC4007E4CD8 /* Swift_SignInWithAppleIdUITests.xctest */ = {isa = PBXFileReference; explicitFileType = wrapper.cfbundle; includeInIndex = 0; path = Swift_SignInWithAppleIdUITests.xctest; sourceTree = BUILT_PRODUCTS_DIR; };
		5634E47B243C0CC4007E4CD8 /* Swift_SignInWithAppleIdUITests.swift */ = {isa = PBXFileReference; lastKnownFileType = sourcecode.swift; path = Swift_SignInWithAppleIdUITests.swift; sourceTree = "<group>"; };
		5634E47D243C0CC4007E4CD8 /* Info.plist */ = {isa = PBXFileReference; lastKnownFileType = text.plist.xml; path = Info.plist; sourceTree = "<group>"; };
/* End PBXFileReference section */

/* Begin PBXFrameworksBuildPhase section */
		5634E453243C0CC2007E4CD8 /* Frameworks */ = {
			isa = PBXFrameworksBuildPhase;
			buildActionMask = 2147483647;
			files = (
			);
			runOnlyForDeploymentPostprocessing = 0;
		};
		5634E469243C0CC4007E4CD8 /* Frameworks */ = {
			isa = PBXFrameworksBuildPhase;
			buildActionMask = 2147483647;
			files = (
			);
			runOnlyForDeploymentPostprocessing = 0;
		};
		5634E474243C0CC4007E4CD8 /* Frameworks */ = {
			isa = PBXFrameworksBuildPhase;
			buildActionMask = 2147483647;
			files = (
			);
			runOnlyForDeploymentPostprocessing = 0;
		};
/* End PBXFrameworksBuildPhase section */

/* Begin PBXGroup section */
		5634E44D243C0CC2007E4CD8 = {
			isa = PBXGroup;
			children = (
				5634E458243C0CC2007E4CD8 /* Swift_SignInWithAppleId */,
				5634E46F243C0CC4007E4CD8 /* Swift_SignInWithAppleIdTests */,
				5634E47A243C0CC4007E4CD8 /* Swift_SignInWithAppleIdUITests */,
				5634E457243C0CC2007E4CD8 /* Products */,
			);
			sourceTree = "<group>";
		};
		5634E457243C0CC2007E4CD8 /* Products */ = {
			isa = PBXGroup;
			children = (
				5634E456243C0CC2007E4CD8 /* Swift_SignInWithAppleId.app */,
				5634E46C243C0CC4007E4CD8 /* Swift_SignInWithAppleIdTests.xctest */,
				5634E477243C0CC4007E4CD8 /* Swift_SignInWithAppleIdUITests.xctest */,
			);
			name = Products;
			sourceTree = "<group>";
		};
		5634E458243C0CC2007E4CD8 /* Swift_SignInWithAppleId */ = {
			isa = PBXGroup;
			children = (
				5634E459243C0CC2007E4CD8 /* AppDelegate.swift */,
				5634E45B243C0CC2007E4CD8 /* SceneDelegate.swift */,
				5634E45D243C0CC2007E4CD8 /* ViewController.swift */,
				5634E45F243C0CC2007E4CD8 /* Main.storyboard */,
				5634E462243C0CC4007E4CD8 /* Assets.xcassets */,
				5634E464243C0CC4007E4CD8 /* LaunchScreen.storyboard */,
				5634E467243C0CC4007E4CD8 /* Info.plist */,
			);
			path = Swift_SignInWithAppleId;
			sourceTree = "<group>";
		};
		5634E46F243C0CC4007E4CD8 /* Swift_SignInWithAppleIdTests */ = {
			isa = PBXGroup;
			children = (
				5634E470243C0CC4007E4CD8 /* Swift_SignInWithAppleIdTests.swift */,
				5634E472243C0CC4007E4CD8 /* Info.plist */,
			);
			path = Swift_SignInWithAppleIdTests;
			sourceTree = "<group>";
		};
		5634E47A243C0CC4007E4CD8 /* Swift_SignInWithAppleIdUITests */ = {
			isa = PBXGroup;
			children = (
				5634E47B243C0CC4007E4CD8 /* Swift_SignInWithAppleIdUITests.swift */,
				5634E47D243C0CC4007E4CD8 /* Info.plist */,
			);
			path = Swift_SignInWithAppleIdUITests;
			sourceTree = "<group>";
		};
/* End PBXGroup section */

/* Begin PBXNativeTarget section */
		5634E455243C0CC2007E4CD8 /* Swift_SignInWithAppleId */ = {
			isa = PBXNativeTarget;
			buildConfigurationList = 5634E480243C0CC4007E4CD8 /* Build configuration list for PBXNativeTarget "Swift_SignInWithAppleId" */;
			buildPhases = (
				5634E452243C0CC2007E4CD8 /* Sources */,
				5634E453243C0CC2007E4CD8 /* Frameworks */,
				5634E454243C0CC2007E4CD8 /* Resources */,
			);
			buildRules = (
			);
			dependencies = (
			);
			name = Swift_SignInWithAppleId;
			productName = Swift_SignInWithAppleId;
			productReference = 5634E456243C0CC2007E4CD8 /* Swift_SignInWithAppleId.app */;
			productType = "com.apple.product-type.application";
		};
		5634E46B243C0CC4007E4CD8 /* Swift_SignInWithAppleIdTests */ = {
			isa = PBXNativeTarget;
			buildConfigurationList = 5634E483243C0CC4007E4CD8 /* Build configuration list for PBXNativeTarget "Swift_SignInWithAppleIdTests" */;
			buildPhases = (
				5634E468243C0CC4007E4CD8 /* Sources */,
				5634E469243C0CC4007E4CD8 /* Frameworks */,
				5634E46A243C0CC4007E4CD8 /* Resources */,
			);
			buildRules = (
			);
			dependencies = (
				5634E46E243C0CC4007E4CD8 /* PBXTargetDependency */,
			);
			name = Swift_SignInWithAppleIdTests;
			productName = Swift_SignInWithAppleIdTests;
			productReference = 5634E46C243C0CC4007E4CD8 /* Swift_SignInWithAppleIdTests.xctest */;
			productType = "com.apple.product-type.bundle.unit-test";
		};
		5634E476243C0CC4007E4CD8 /* Swift_SignInWithAppleIdUITests */ = {
			isa = PBXNativeTarget;
			buildConfigurationList = 5634E486243C0CC4007E4CD8 /* Build configuration list for PBXNativeTarget "Swift_SignInWithAppleIdUITests" */;
			buildPhases = (
				5634E473243C0CC4007E4CD8 /* Sources */,
				5634E474243C0CC4007E4CD8 /* Frameworks */,
				5634E475243C0CC4007E4CD8 /* Resources */,
			);
			buildRules = (
			);
			dependencies = (
				5634E479243C0CC4007E4CD8 /* PBXTargetDependency */,
			);
			name = Swift_SignInWithAppleIdUITests;
			productName = Swift_SignInWithAppleIdUITests;
			productReference = 5634E477243C0CC4007E4CD8 /* Swift_SignInWithAppleIdUITests.xctest */;
			productType = "com.apple.product-type.bundle.ui-testing";
		};
/* End PBXNativeTarget section */

/* Begin PBXProject section */
		5634E44E243C0CC2007E4CD8 /* Project object */ = {
			isa = PBXProject;
			attributes = {
				LastSwiftUpdateCheck = 1140;
				LastUpgradeCheck = 1140;
				ORGANIZATIONNAME = "Hidetomo Masuda";
				TargetAttributes = {
					5634E455243C0CC2007E4CD8 = {
						CreatedOnToolsVersion = 11.4;
					};
					5634E46B243C0CC4007E4CD8 = {
						CreatedOnToolsVersion = 11.4;
						TestTargetID = 5634E455243C0CC2007E4CD8;
					};
					5634E476243C0CC4007E4CD8 = {
						CreatedOnToolsVersion = 11.4;
						TestTargetID = 5634E455243C0CC2007E4CD8;
					};
				};
			};
			buildConfigurationList = 5634E451243C0CC2007E4CD8 /* Build configuration list for PBXProject "Swift_SignInWithAppleId" */;
			compatibilityVersion = "Xcode 9.3";
			developmentRegion = en;
			hasScannedForEncodings = 0;
			knownRegions = (
				en,
				Base,
			);
			mainGroup = 5634E44D243C0CC2007E4CD8;
			productRefGroup = 5634E457243C0CC2007E4CD8 /* Products */;
			projectDirPath = "";
			projectRoot = "";
			targets = (
				5634E455243C0CC2007E4CD8 /* Swift_SignInWithAppleId */,
				5634E46B243C0CC4007E4CD8 /* Swift_SignInWithAppleIdTests */,
				5634E476243C0CC4007E4CD8 /* Swift_SignInWithAppleIdUITests */,
			);
		};
/* End PBXProject section */

/* Begin PBXResourcesBuildPhase section */
		5634E454243C0CC2007E4CD8 /* Resources */ = {
			isa = PBXResourcesBuildPhase;
			buildActionMask = 2147483647;
			files = (
				5634E466243C0CC4007E4CD8 /* LaunchScreen.storyboard in Resources */,
				5634E463243C0CC4007E4CD8 /* Assets.xcassets in Resources */,
				5634E461243C0CC2007E4CD8 /* Main.storyboard in Resources */,
			);
			runOnlyForDeploymentPostprocessing = 0;
		};
		5634E46A243C0CC4007E4CD8 /* Resources */ = {
			isa = PBXResourcesBuildPhase;
			buildActionMask = 2147483647;
			files = (
			);
			runOnlyForDeploymentPostprocessing = 0;
		};
		5634E475243C0CC4007E4CD8 /* Resources */ = {
			isa = PBXResourcesBuildPhase;
			buildActionMask = 2147483647;
			files = (
			);
			runOnlyForDeploymentPostprocessing = 0;
		};
/* End PBXResourcesBuildPhase section */

/* Begin PBXSourcesBuildPhase section */
		5634E452243C0CC2007E4CD8 /* Sources */ = {
			isa = PBXSourcesBuildPhase;
			buildActionMask = 2147483647;
			files = (
				5634E45E243C0CC2007E4CD8 /* ViewController.swift in Sources */,
				5634E45A243C0CC2007E4CD8 /* AppDelegate.swift in Sources */,
				5634E45C243C0CC2007E4CD8 /* SceneDelegate.swift in Sources */,
			);
			runOnlyForDeploymentPostprocessing = 0;
		};
		5634E468243C0CC4007E4CD8 /* Sources */ = {
			isa = PBXSourcesBuildPhase;
			buildActionMask = 2147483647;
			files = (
				5634E471243C0CC4007E4CD8 /* Swift_SignInWithAppleIdTests.swift in Sources */,
			);
			runOnlyForDeploymentPostprocessing = 0;
		};
		5634E473243C0CC4007E4CD8 /* Sources */ = {
			isa = PBXSourcesBuildPhase;
			buildActionMask = 2147483647;
			files = (
				5634E47C243C0CC4007E4CD8 /* Swift_SignInWithAppleIdUITests.swift in Sources */,
			);
			runOnlyForDeploymentPostprocessing = 0;
		};
/* End PBXSourcesBuildPhase section */

/* Begin PBXTargetDependency section */
		5634E46E243C0CC4007E4CD8 /* PBXTargetDependency */ = {
			isa = PBXTargetDependency;
			target = 5634E455243C0CC2007E4CD8 /* Swift_SignInWithAppleId */;
			targetProxy = 5634E46D243C0CC4007E4CD8 /* PBXContainerItemProxy */;
		};
		5634E479243C0CC4007E4CD8 /* PBXTargetDependency */ = {
			isa = PBXTargetDependency;
			target = 5634E455243C0CC2007E4CD8 /* Swift_SignInWithAppleId */;
			targetProxy = 5634E478243C0CC4007E4CD8 /* PBXContainerItemProxy */;
		};
/* End PBXTargetDependency section */

/* Begin PBXVariantGroup section */
		5634E45F243C0CC2007E4CD8 /* Main.storyboard */ = {
			isa = PBXVariantGroup;
			children = (
				5634E460243C0CC2007E4CD8 /* Base */,
			);
			name = Main.storyboard;
			sourceTree = "<group>";
		};
		5634E464243C0CC4007E4CD8 /* LaunchScreen.storyboard */ = {
			isa = PBXVariantGroup;
			children = (
				5634E465243C0CC4007E4CD8 /* Base */,
			);
			name = LaunchScreen.storyboard;
			sourceTree = "<group>";
		};
/* End PBXVariantGroup section */

/* Begin XCBuildConfiguration section */
		5634E47E243C0CC4007E4CD8 /* Debug */ = {
			isa = XCBuildConfiguration;
			buildSettings = {
				ALWAYS_SEARCH_USER_PATHS = NO;
				CLANG_ANALYZER_NONNULL = YES;
				CLANG_ANALYZER_NUMBER_OBJECT_CONVERSION = YES_AGGRESSIVE;
				CLANG_CXX_LANGUAGE_STANDARD = "gnu++14";
				CLANG_CXX_LIBRARY = "libc++";
				CLANG_ENABLE_MODULES = YES;
				CLANG_ENABLE_OBJC_ARC = YES;
				CLANG_ENABLE_OBJC_WEAK = YES;
				CLANG_WARN_BLOCK_CAPTURE_AUTORELEASING = YES;
				CLANG_WARN_BOOL_CONVERSION = YES;
				CLANG_WARN_COMMA = YES;
				CLANG_WARN_CONSTANT_CONVERSION = YES;
				CLANG_WARN_DEPRECATED_OBJC_IMPLEMENTATIONS = YES;
				CLANG_WARN_DIRECT_OBJC_ISA_USAGE = YES_ERROR;
				CLANG_WARN_DOCUMENTATION_COMMENTS = YES;
				CLANG_WARN_EMPTY_BODY = YES;
				CLANG_WARN_ENUM_CONVERSION = YES;
				CLANG_WARN_INFINITE_RECURSION = YES;
				CLANG_WARN_INT_CONVERSION = YES;
				CLANG_WARN_NON_LITERAL_NULL_CONVERSION = YES;
				CLANG_WARN_OBJC_IMPLICIT_RETAIN_SELF = YES;
				CLANG_WARN_OBJC_LITERAL_CONVERSION = YES;
				CLANG_WARN_OBJC_ROOT_CLASS = YES_ERROR;
				CLANG_WARN_RANGE_LOOP_ANALYSIS = YES;
				CLANG_WARN_STRICT_PROTOTYPES = YES;
				CLANG_WARN_SUSPICIOUS_MOVE = YES;
				CLANG_WARN_UNGUARDED_AVAILABILITY = YES_AGGRESSIVE;
				CLANG_WARN_UNREACHABLE_CODE = YES;
				CLANG_WARN__DUPLICATE_METHOD_MATCH = YES;
				COPY_PHASE_STRIP = NO;
				DEBUG_INFORMATION_FORMAT = dwarf;
				ENABLE_STRICT_OBJC_MSGSEND = YES;
				ENABLE_TESTABILITY = YES;
				GCC_C_LANGUAGE_STANDARD = gnu11;
				GCC_DYNAMIC_NO_PIC = NO;
				GCC_NO_COMMON_BLOCKS = YES;
				GCC_OPTIMIZATION_LEVEL = 0;
				GCC_PREPROCESSOR_DEFINITIONS = (
					"DEBUG=1",
					"$(inherited)",
				);
				GCC_WARN_64_TO_32_BIT_CONVERSION = YES;
				GCC_WARN_ABOUT_RETURN_TYPE = YES_ERROR;
				GCC_WARN_UNDECLARED_SELECTOR = YES;
				GCC_WARN_UNINITIALIZED_AUTOS = YES_AGGRESSIVE;
				GCC_WARN_UNUSED_FUNCTION = YES;
				GCC_WARN_UNUSED_VARIABLE = YES;
				IPHONEOS_DEPLOYMENT_TARGET = 13.4;
				MTL_ENABLE_DEBUG_INFO = INCLUDE_SOURCE;
				MTL_FAST_MATH = YES;
				ONLY_ACTIVE_ARCH = YES;
				SDKROOT = iphoneos;
				SWIFT_ACTIVE_COMPILATION_CONDITIONS = DEBUG;
				SWIFT_OPTIMIZATION_LEVEL = "-Onone";
			};
			name = Debug;
		};
		5634E47F243C0CC4007E4CD8 /* Release */ = {
			isa = XCBuildConfiguration;
			buildSettings = {
				ALWAYS_SEARCH_USER_PATHS = NO;
				CLANG_ANALYZER_NONNULL = YES;
				CLANG_ANALYZER_NUMBER_OBJECT_CONVERSION = YES_AGGRESSIVE;
				CLANG_CXX_LANGUAGE_STANDARD = "gnu++14";
				CLANG_CXX_LIBRARY = "libc++";
				CLANG_ENABLE_MODULES = YES;
				CLANG_ENABLE_OBJC_ARC = YES;
				CLANG_ENABLE_OBJC_WEAK = YES;
				CLANG_WARN_BLOCK_CAPTURE_AUTORELEASING = YES;
				CLANG_WARN_BOOL_CONVERSION = YES;
				CLANG_WARN_COMMA = YES;
				CLANG_WARN_CONSTANT_CONVERSION = YES;
				CLANG_WARN_DEPRECATED_OBJC_IMPLEMENTATIONS = YES;
				CLANG_WARN_DIRECT_OBJC_ISA_USAGE = YES_ERROR;
				CLANG_WARN_DOCUMENTATION_COMMENTS = YES;
				CLANG_WARN_EMPTY_BODY = YES;
				CLANG_WARN_ENUM_CONVERSION = YES;
				CLANG_WARN_INFINITE_RECURSION = YES;
				CLANG_WARN_INT_CONVERSION = YES;
				CLANG_WARN_NON_LITERAL_NULL_CONVERSION = YES;
				CLANG_WARN_OBJC_IMPLICIT_RETAIN_SELF = YES;
				CLANG_WARN_OBJC_LITERAL_CONVERSION = YES;
				CLANG_WARN_OBJC_ROOT_CLASS = YES_ERROR;
				CLANG_WARN_RANGE_LOOP_ANALYSIS = YES;
				CLANG_WARN_STRICT_PROTOTYPES = YES;
				CLANG_WARN_SUSPICIOUS_MOVE = YES;
				CLANG_WARN_UNGUARDED_AVAILABILITY = YES_AGGRESSIVE;
				CLANG_WARN_UNREACHABLE_CODE = YES;
				CLANG_WARN__DUPLICATE_METHOD_MATCH = YES;
				COPY_PHASE_STRIP = NO;
				DEBUG_INFORMATION_FORMAT = "dwarf-with-dsym";
				ENABLE_NS_ASSERTIONS = NO;
				ENABLE_STRICT_OBJC_MSGSEND = YES;
				GCC_C_LANGUAGE_STANDARD = gnu11;
				GCC_NO_COMMON_BLOCKS = YES;
				GCC_WARN_64_TO_32_BIT_CONVERSION = YES;
				GCC_WARN_ABOUT_RETURN_TYPE = YES_ERROR;
				GCC_WARN_UNDECLARED_SELECTOR = YES;
				GCC_WARN_UNINITIALIZED_AUTOS = YES_AGGRESSIVE;
				GCC_WARN_UNUSED_FUNCTION = YES;
				GCC_WARN_UNUSED_VARIABLE = YES;
				IPHONEOS_DEPLOYMENT_TARGET = 13.4;
				MTL_ENABLE_DEBUG_INFO = NO;
				MTL_FAST_MATH = YES;
				SDKROOT = iphoneos;
				SWIFT_COMPILATION_MODE = wholemodule;
				SWIFT_OPTIMIZATION_LEVEL = "-O";
				VALIDATE_PRODUCT = YES;
			};
			name = Release;
		};
		5634E481243C0CC4007E4CD8 /* Debug */ = {
			isa = XCBuildConfiguration;
			buildSettings = {
				ASSETCATALOG_COMPILER_APPICON_NAME = AppIcon;
				CODE_SIGN_STYLE = Automatic;
				DEVELOPMENT_TEAM = 9LY3B67W33;
				INFOPLIST_FILE = Swift_SignInWithAppleId/Info.plist;
				LD_RUNPATH_SEARCH_PATHS = (
					"$(inherited)",
					"@executable_path/Frameworks",
				);
				PRODUCT_BUNDLE_IDENTIFIER = "Hidetomo-Masuda.Swift-SignInWithAppleId";
				PRODUCT_NAME = "$(TARGET_NAME)";
				SWIFT_VERSION = 5.0;
				TARGETED_DEVICE_FAMILY = "1,2";
			};
			name = Debug;
		};
		5634E482243C0CC4007E4CD8 /* Release */ = {
			isa = XCBuildConfiguration;
			buildSettings = {
				ASSETCATALOG_COMPILER_APPICON_NAME = AppIcon;
				CODE_SIGN_STYLE = Automatic;
				DEVELOPMENT_TEAM = 9LY3B67W33;
				INFOPLIST_FILE = Swift_SignInWithAppleId/Info.plist;
				LD_RUNPATH_SEARCH_PATHS = (
					"$(inherited)",
					"@executable_path/Frameworks",
				);
				PRODUCT_BUNDLE_IDENTIFIER = "Hidetomo-Masuda.Swift-SignInWithAppleId";
				PRODUCT_NAME = "$(TARGET_NAME)";
				SWIFT_VERSION = 5.0;
				TARGETED_DEVICE_FAMILY = "1,2";
			};
			name = Release;
		};
		5634E484243C0CC4007E4CD8 /* Debug */ = {
			isa = XCBuildConfiguration;
			buildSettings = {
				ALWAYS_EMBED_SWIFT_STANDARD_LIBRARIES = YES;
				BUNDLE_LOADER = "$(TEST_HOST)";
				CODE_SIGN_STYLE = Automatic;
				DEVELOPMENT_TEAM = 9LY3B67W33;
				INFOPLIST_FILE = Swift_SignInWithAppleIdTests/Info.plist;
				IPHONEOS_DEPLOYMENT_TARGET = 13.4;
				LD_RUNPATH_SEARCH_PATHS = (
					"$(inherited)",
					"@executable_path/Frameworks",
					"@loader_path/Frameworks",
				);
				PRODUCT_BUNDLE_IDENTIFIER = "Hidetomo-Masuda.Swift-SignInWithAppleIdTests";
				PRODUCT_NAME = "$(TARGET_NAME)";
				SWIFT_VERSION = 5.0;
				TARGETED_DEVICE_FAMILY = "1,2";
				TEST_HOST = "$(BUILT_PRODUCTS_DIR)/Swift_SignInWithAppleId.app/Swift_SignInWithAppleId";
			};
			name = Debug;
		};
		5634E485243C0CC4007E4CD8 /* Release */ = {
			isa = XCBuildConfiguration;
			buildSettings = {
				ALWAYS_EMBED_SWIFT_STANDARD_LIBRARIES = YES;
				BUNDLE_LOADER = "$(TEST_HOST)";
				CODE_SIGN_STYLE = Automatic;
				DEVELOPMENT_TEAM = 9LY3B67W33;
				INFOPLIST_FILE = Swift_SignInWithAppleIdTests/Info.plist;
				IPHONEOS_DEPLOYMENT_TARGET = 13.4;
				LD_RUNPATH_SEARCH_PATHS = (
					"$(inherited)",
					"@executable_path/Frameworks",
					"@loader_path/Frameworks",
				);
				PRODUCT_BUNDLE_IDENTIFIER = "Hidetomo-Masuda.Swift-SignInWithAppleIdTests";
				PRODUCT_NAME = "$(TARGET_NAME)";
				SWIFT_VERSION = 5.0;
				TARGETED_DEVICE_FAMILY = "1,2";
				TEST_HOST = "$(BUILT_PRODUCTS_DIR)/Swift_SignInWithAppleId.app/Swift_SignInWithAppleId";
			};
			name = Release;
		};
		5634E487243C0CC4007E4CD8 /* Debug */ = {
			isa = XCBuildConfiguration;
			buildSettings = {
				ALWAYS_EMBED_SWIFT_STANDARD_LIBRARIES = YES;
				CODE_SIGN_STYLE = Automatic;
				DEVELOPMENT_TEAM = 9LY3B67W33;
				INFOPLIST_FILE = Swift_SignInWithAppleIdUITests/Info.plist;
				LD_RUNPATH_SEARCH_PATHS = (
					"$(inherited)",
					"@executable_path/Frameworks",
					"@loader_path/Frameworks",
				);
				PRODUCT_BUNDLE_IDENTIFIER = "Hidetomo-Masuda.Swift-SignInWithAppleIdUITests";
				PRODUCT_NAME = "$(TARGET_NAME)";
				SWIFT_VERSION = 5.0;
				TARGETED_DEVICE_FAMILY = "1,2";
				TEST_TARGET_NAME = Swift_SignInWithAppleId;
			};
			name = Debug;
		};
		5634E488243C0CC4007E4CD8 /* Release */ = {
			isa = XCBuildConfiguration;
			buildSettings = {
				ALWAYS_EMBED_SWIFT_STANDARD_LIBRARIES = YES;
				CODE_SIGN_STYLE = Automatic;
				DEVELOPMENT_TEAM = 9LY3B67W33;
				INFOPLIST_FILE = Swift_SignInWithAppleIdUITests/Info.plist;
				LD_RUNPATH_SEARCH_PATHS = (
					"$(inherited)",
					"@executable_path/Frameworks",
					"@loader_path/Frameworks",
				);
				PRODUCT_BUNDLE_IDENTIFIER = "Hidetomo-Masuda.Swift-SignInWithAppleIdUITests";
				PRODUCT_NAME = "$(TARGET_NAME)";
				SWIFT_VERSION = 5.0;
				TARGETED_DEVICE_FAMILY = "1,2";
				TEST_TARGET_NAME = Swift_SignInWithAppleId;
			};
			name = Release;
		};
/* End XCBuildConfiguration section */

/* Begin XCConfigurationList section */
		5634E451243C0CC2007E4CD8 /* Build configuration list for PBXProject "Swift_SignInWithAppleId" */ = {
			isa = XCConfigurationList;
			buildConfigurations = (
				5634E47E243C0CC4007E4CD8 /* Debug */,
				5634E47F243C0CC4007E4CD8 /* Release */,
			);
			defaultConfigurationIsVisible = 0;
			defaultConfigurationName = Release;
		};
		5634E480243C0CC4007E4CD8 /* Build configuration list for PBXNativeTarget "Swift_SignInWithAppleId" */ = {
			isa = XCConfigurationList;
			buildConfigurations = (
				5634E481243C0CC4007E4CD8 /* Debug */,
				5634E482243C0CC4007E4CD8 /* Release */,
			);
			defaultConfigurationIsVisible = 0;
			defaultConfigurationName = Release;
		};
		5634E483243C0CC4007E4CD8 /* Build configuration list for PBXNativeTarget "Swift_SignInWithAppleIdTests" */ = {
			isa = XCConfigurationList;
			buildConfigurations = (
				5634E484243C0CC4007E4CD8 /* Debug */,
				5634E485243C0CC4007E4CD8 /* Release */,
			);
			defaultConfigurationIsVisible = 0;
			defaultConfigurationName = Release;
		};
		5634E486243C0CC4007E4CD8 /* Build configuration list for PBXNativeTarget "Swift_SignInWithAppleIdUITests" */ = {
			isa = XCConfigurationList;
			buildConfigurations = (
				5634E487243C0CC4007E4CD8 /* Debug */,
				5634E488243C0CC4007E4CD8 /* Release */,
			);
			defaultConfigurationIsVisible = 0;
			defaultConfigurationName = Release;
		};
/* End XCConfigurationList section */
	};
	rootObject = 5634E44E243C0CC2007E4CD8 /* Project object */;
}
